
Microsoft Visual Studio Solution File, Format Version 12.00
# Visual Studio 15
VisualStudioVersion = 15.0.26730.16
MinimumVisualStudioVersion = 10.0.40219.1
Project("{8BC9CEB8-8B4A-11D0-8D11-00A0C91BC942}") = "CSC 330 Project 1", "CSC 330 Project 1\CSC 330 Project 1.vcxproj", "{193F389D-16B9-4E76-816D-6EC0199ED8BE}"
EndProject
Global
	GlobalSection(SolutionConfigurationPlatforms) = preSolution
		Debug|x64 = Debug|x64
		Debug|x86 = Debug|x86
		Release|x64 = Release|x64
		Release|x86 = Release|x86
	EndGlobalSection
	GlobalSection(ProjectConfigurationPlatforms) = postSolution
		{193F389D-16B9-4E76-816D-6EC0199ED8BE}.Debug|x64.ActiveCfg = Debug|x64
		{193F389D-16B9-4E76-816D-6EC0199ED8BE}.Debug|x64.Build.0 = Debug|x64
		{193F389D-16B9-4E76-816D-6EC0199ED8BE}.Debug|x86.ActiveCfg = Debug|Win32
		{193F389D-16B9-4E76-816D-6EC0199ED8BE}.Debug|x86.Build.0 = Debug|Win32
		{193F389D-16B9-4E76-816D-6EC0199ED8BE}.Release|x64.ActiveCfg = Release|x64
		{193F389D-16B9-4E76-816D-6EC0199ED8BE}.Release|x64.Build.0 = Release|x64
		{193F389D-16B9-4E76-816D-6EC0199ED8BE}.Release|x86.ActiveCfg = Release|Win32
		{193F389D-16B9-4E76-816D-6EC0199ED8BE}.Release|x86.Build.0 = Release|Win32
	EndGlobalSection
	GlobalSection(SolutionProperties) = preSolution
		HideSolutionNode = FALSE
	EndGlobalSection
	GlobalSection(ExtensibilityGlobals) = postSolution
		SolutionGuid = {DAE2AE78-F5AD-441A-9522-7345807D669A}
	EndGlobalSection
EndGlobal
